// !$*UTF8*$!
{
	archiveVersion = 1;
	classes = {
	};
	objectVersion = 56;
	objects = {

/* Begin PBXBuildFile section */
		3F1E6B699651468C9C24B47F /* Pods_What_flower.framework in Frameworks */ = {isa = PBXBuildFile; fileRef = E27C17C4122592E271B4439E /* Pods_What_flower.framework */; };
		B6CED14F2A827CE60050CCF5 /* AppDelegate.swift in Sources */ = {isa = PBXBuildFile; fileRef = B6CED14E2A827CE60050CCF5 /* AppDelegate.swift */; };
		B6CED1512A827CE60050CCF5 /* SceneDelegate.swift in Sources */ = {isa = PBXBuildFile; fileRef = B6CED1502A827CE60050CCF5 /* SceneDelegate.swift */; };
		B6CED1532A827CE60050CCF5 /* ViewController.swift in Sources */ = {isa = PBXBuildFile; fileRef = B6CED1522A827CE60050CCF5 /* ViewController.swift */; };
		B6CED1562A827CE60050CCF5 /* Main.storyboard in Resources */ = {isa = PBXBuildFile; fileRef = B6CED1542A827CE60050CCF5 /* Main.storyboard */; };
		B6CED1582A827CE70050CCF5 /* Assets.xcassets in Resources */ = {isa = PBXBuildFile; fileRef = B6CED1572A827CE70050CCF5 /* Assets.xcassets */; };
		B6CED15B2A827CE70050CCF5 /* LaunchScreen.storyboard in Resources */ = {isa = PBXBuildFile; fileRef = B6CED1592A827CE70050CCF5 /* LaunchScreen.storyboard */; };
		B6CED1632A827CFF0050CCF5 /* FlowerClassifier.mlmodel in Sources */ = {isa = PBXBuildFile; fileRef = B6CED1622A827CFF0050CCF5 /* FlowerClassifier.mlmodel */; };
/* End PBXBuildFile section */

/* Begin PBXFileReference section */
		42A085D58C65B33A68C50A4F /* Pods-What flower.release.xcconfig */ = {isa = PBXFileReference; includeInIndex = 1; lastKnownFileType = text.xcconfig; name = "Pods-What flower.release.xcconfig"; path = "Target Support Files/Pods-What flower/Pods-What flower.release.xcconfig"; sourceTree = "<group>"; };
		63870B5CCED359ADA09EA85C /* Pods-What flower.debug.xcconfig */ = {isa = PBXFileReference; includeInIndex = 1; lastKnownFileType = text.xcconfig; name = "Pods-What flower.debug.xcconfig"; path = "Target Support Files/Pods-What flower/Pods-What flower.debug.xcconfig"; sourceTree = "<group>"; };
		B6CED14B2A827CE60050CCF5 /* What flower.app */ = {isa = PBXFileReference; explicitFileType = wrapper.application; includeInIndex = 0; path = "What flower.app"; sourceTree = BUILT_PRODUCTS_DIR; };
		B6CED14E2A827CE60050CCF5 /* AppDelegate.swift */ = {isa = PBXFileReference; lastKnownFileType = sourcecode.swift; path = AppDelegate.swift; sourceTree = "<group>"; };
		B6CED1502A827CE60050CCF5 /* SceneDelegate.swift */ = {isa = PBXFileReference; lastKnownFileType = sourcecode.swift; path = SceneDelegate.swift; sourceTree = "<group>"; };
		B6CED1522A827CE60050CCF5 /* ViewController.swift */ = {isa = PBXFileReference; lastKnownFileType = sourcecode.swift; path = ViewController.swift; sourceTree = "<group>"; };
		B6CED1552A827CE60050CCF5 /* Base */ = {isa = PBXFileReference; lastKnownFileType = file.storyboard; name = Base; path = Base.lproj/Main.storyboard; sourceTree = "<group>"; };
		B6CED1572A827CE70050CCF5 /* Assets.xcassets */ = {isa = PBXFileReference; lastKnownFileType = folder.assetcatalog; path = Assets.xcassets; sourceTree = "<group>"; };
		B6CED15A2A827CE70050CCF5 /* Base */ = {isa = PBXFileReference; lastKnownFileType = file.storyboard; name = Base; path = Base.lproj/LaunchScreen.storyboard; sourceTree = "<group>"; };
		B6CED15C2A827CE70050CCF5 /* Info.plist */ = {isa = PBXFileReference; lastKnownFileType = text.plist.xml; path = Info.plist; sourceTree = "<group>"; };
		B6CED1622A827CFF0050CCF5 /* FlowerClassifier.mlmodel */ = {isa = PBXFileReference; lastKnownFileType = file.mlmodel; path = FlowerClassifier.mlmodel; sourceTree = "<group>"; };
		E27C17C4122592E271B4439E /* Pods_What_flower.framework */ = {isa = PBXFileReference; explicitFileType = wrapper.framework; includeInIndex = 0; path = Pods_What_flower.framework; sourceTree = BUILT_PRODUCTS_DIR; };
/* End PBXFileReference section */

/* Begin PBXFrameworksBuildPhase section */
		B6CED1482A827CE60050CCF5 /* Frameworks */ = {
			isa = PBXFrameworksBuildPhase;
			buildActionMask = 2147483647;
			files = (
				3F1E6B699651468C9C24B47F /* Pods_What_flower.framework in Frameworks */,
			);
			runOnlyForDeploymentPostprocessing = 0;
		};
/* End PBXFrameworksBuildPhase section */

/* Begin PBXGroup section */
		2D5DA269DD21FA622CFCF6F7 /* Frameworks */ = {
			isa = PBXGroup;
			children = (
				E27C17C4122592E271B4439E /* Pods_What_flower.framework */,
			);
			name = Frameworks;
			sourceTree = "<group>";
		};
		3D5D5588CC526BC3579769F4 /* Pods */ = {
			isa = PBXGroup;
			children = (
				63870B5CCED359ADA09EA85C /* Pods-What flower.debug.xcconfig */,
				42A085D58C65B33A68C50A4F /* Pods-What flower.release.xcconfig */,
			);
			name = Pods;
			path = Pods;
			sourceTree = "<group>";
		};
		B6CED1422A827CE60050CCF5 = {
			isa = PBXGroup;
			children = (
				B6CED14D2A827CE60050CCF5 /* What flower */,
				B6CED14C2A827CE60050CCF5 /* Products */,
				3D5D5588CC526BC3579769F4 /* Pods */,
				2D5DA269DD21FA622CFCF6F7 /* Frameworks */,
			);
			sourceTree = "<group>";
		};
		B6CED14C2A827CE60050CCF5 /* Products */ = {
			isa = PBXGroup;
			children = (
				B6CED14B2A827CE60050CCF5 /* What flower.app */,
			);
			name = Products;
			sourceTree = "<group>";
		};
		B6CED14D2A827CE60050CCF5 /* What flower */ = {
			isa = PBXGroup;
			children = (
				B6CED14E2A827CE60050CCF5 /* AppDelegate.swift */,
				B6CED1502A827CE60050CCF5 /* SceneDelegate.swift */,
				B6CED1522A827CE60050CCF5 /* ViewController.swift */,
				B6CED1542A827CE60050CCF5 /* Main.storyboard */,
				B6CED1572A827CE70050CCF5 /* Assets.xcassets */,
				B6CED1592A827CE70050CCF5 /* LaunchScreen.storyboard */,
				B6CED15C2A827CE70050CCF5 /* Info.plist */,
				B6CED1622A827CFF0050CCF5 /* FlowerClassifier.mlmodel */,
			);
			path = "What flower";
			sourceTree = "<group>";
		};
/* End PBXGroup section */

/* Begin PBXNativeTarget section */
		B6CED14A2A827CE60050CCF5 /* What flower */ = {
			isa = PBXNativeTarget;
			buildConfigurationList = B6CED15F2A827CE70050CCF5 /* Build configuration list for PBXNativeTarget "What flower" */;
			buildPhases = (
				ABC1FBADE4DF2AE89A7D8BAE /* [CP] Check Pods Manifest.lock */,
				B6CED1472A827CE60050CCF5 /* Sources */,
				B6CED1482A827CE60050CCF5 /* Frameworks */,
				B6CED1492A827CE60050CCF5 /* Resources */,
				54E2583A241A135E87068E77 /* [CP] Embed Pods Frameworks */,
			);
			buildRules = (
			);
			dependencies = (
			);
			name = "What flower";
			productName = "What flower";
			productReference = B6CED14B2A827CE60050CCF5 /* What flower.app */;
			productType = "com.apple.product-type.application";
		};
/* End PBXNativeTarget section */

/* Begin PBXProject section */
		B6CED1432A827CE60050CCF5 /* Project object */ = {
			isa = PBXProject;
			attributes = {
				BuildIndependentTargetsInParallel = 1;
				LastSwiftUpdateCheck = 1430;
				LastUpgradeCheck = 1430;
				TargetAttributes = {
					B6CED14A2A827CE60050CCF5 = {
						CreatedOnToolsVersion = 14.3.1;
					};
				};
			};
			buildConfigurationList = B6CED1462A827CE60050CCF5 /* Build configuration list for PBXProject "What flower" */;
			compatibilityVersion = "Xcode 14.0";
			developmentRegion = en;
			hasScannedForEncodings = 0;
			knownRegions = (
				en,
				Base,
			);
			mainGroup = B6CED1422A827CE60050CCF5;
			productRefGroup = B6CED14C2A827CE60050CCF5 /* Products */;
			projectDirPath = "";
			projectRoot = "";
			targets = (
				B6CED14A2A827CE60050CCF5 /* What flower */,
			);
		};
/* End PBXProject section */

/* Begin PBXResourcesBuildPhase section */
		B6CED1492A827CE60050CCF5 /* Resources */ = {
			isa = PBXResourcesBuildPhase;
			buildActionMask = 2147483647;
			files = (
				B6CED15B2A827CE70050CCF5 /* LaunchScreen.storyboard in Resources */,
				B6CED1582A827CE70050CCF5 /* Assets.xcassets in Resources */,
				B6CED1562A827CE60050CCF5 /* Main.storyboard in Resources */,
			);
			runOnlyForDeploymentPostprocessing = 0;
		};
/* End PBXResourcesBuildPhase section */

/* Begin PBXShellScriptBuildPhase section */
		54E2583A241A135E87068E77 /* [CP] Embed Pods Frameworks */ = {
			isa = PBXShellScriptBuildPhase;
			buildActionMask = 2147483647;
			files = (
			);
			inputFileListPaths = (
				"${PODS_ROOT}/Target Support Files/Pods-What flower/Pods-What flower-frameworks-${CONFIGURATION}-input-files.xcfilelist",
			);
			name = "[CP] Embed Pods Frameworks";
			outputFileListPaths = (
				"${PODS_ROOT}/Target Support Files/Pods-What flower/Pods-What flower-frameworks-${CONFIGURATION}-output-files.xcfilelist",
			);
			runOnlyForDeploymentPostprocessing = 0;
			shellPath = /bin/sh;
			shellScript = "\"${PODS_ROOT}/Target Support Files/Pods-What flower/Pods-What flower-frameworks.sh\"\n";
			showEnvVarsInLog = 0;
		};
		ABC1FBADE4DF2AE89A7D8BAE /* [CP] Check Pods Manifest.lock */ = {
			isa = PBXShellScriptBuildPhase;
			buildActionMask = 2147483647;
			files = (
			);
			inputFileListPaths = (
			);
			inputPaths = (
				"${PODS_PODFILE_DIR_PATH}/Podfile.lock",
				"${PODS_ROOT}/Manifest.lock",
			);
			name = "[CP] Check Pods Manifest.lock";
			outputFileListPaths = (
			);
			outputPaths = (
				"$(DERIVED_FILE_DIR)/Pods-What flower-checkManifestLockResult.txt",
			);
			runOnlyForDeploymentPostprocessing = 0;
			shellPath = /bin/sh;
			shellScript = "diff \"${PODS_PODFILE_DIR_PATH}/Podfile.lock\" \"${PODS_ROOT}/Manifest.lock\" > /dev/null\nif [ $? != 0 ] ; then\n    # print error to STDERR\n    echo \"error: The sandbox is not in sync with the Podfile.lock. Run 'pod install' or update your CocoaPods installation.\" >&2\n    exit 1\nfi\n# This output is used by Xcode 'outputs' to avoid re-running this script phase.\necho \"SUCCESS\" > \"${SCRIPT_OUTPUT_FILE_0}\"\n";
			showEnvVarsInLog = 0;
		};
/* End PBXShellScriptBuildPhase section */

/* Begin PBXSourcesBuildPhase section */
		B6CED1472A827CE60050CCF5 /* Sources */ = {
			isa = PBXSourcesBuildPhase;
			buildActionMask = 2147483647;
			files = (
				B6CED1632A827CFF0050CCF5 /* FlowerClassifier.mlmodel in Sources */,
				B6CED1532A827CE60050CCF5 /* ViewController.swift in Sources */,
				B6CED14F2A827CE60050CCF5 /* AppDelegate.swift in Sources */,
				B6CED1512A827CE60050CCF5 /* SceneDelegate.swift in Sources */,
			);
			runOnlyForDeploymentPostprocessing = 0;
		};
/* End PBXSourcesBuildPhase section */

/* Begin PBXVariantGroup section */
		B6CED1542A827CE60050CCF5 /* Main.storyboard */ = {
			isa = PBXVariantGroup;
			children = (
				B6CED1552A827CE60050CCF5 /* Base */,
			);
			name = Main.storyboard;
			sourceTree = "<group>";
		};
		B6CED1592A827CE70050CCF5 /* LaunchScreen.storyboard */ = {
			isa = PBXVariantGroup;
			children = (
				B6CED15A2A827CE70050CCF5 /* Base */,
			);
			name = LaunchScreen.storyboard;
			sourceTree = "<group>";
		};
/* End PBXVariantGroup section */

/* Begin XCBuildConfiguration section */
		B6CED15D2A827CE70050CCF5 /* Debug */ = {
			isa = XCBuildConfiguration;
			buildSettings = {
				ALWAYS_SEARCH_USER_PATHS = NO;
				CLANG_ANALYZER_NONNULL = YES;
				CLANG_ANALYZER_NUMBER_OBJECT_CONVERSION = YES_AGGRESSIVE;
				CLANG_CXX_LANGUAGE_STANDARD = "gnu++20";
				CLANG_ENABLE_MODULES = YES;
				CLANG_ENABLE_OBJC_ARC = YES;
				CLANG_ENABLE_OBJC_WEAK = YES;
				CLANG_WARN_BLOCK_CAPTURE_AUTORELEASING = YES;
				CLANG_WARN_BOOL_CONVERSION = YES;
				CLANG_WARN_COMMA = YES;
				CLANG_WARN_CONSTANT_CONVERSION = YES;
				CLANG_WARN_DEPRECATED_OBJC_IMPLEMENTATIONS = YES;
				CLANG_WARN_DIRECT_OBJC_ISA_USAGE = YES_ERROR;
				CLANG_WARN_DOCUMENTATION_COMMENTS = YES;
				CLANG_WARN_EMPTY_BODY = YES;
				CLANG_WARN_ENUM_CONVERSION = YES;
				CLANG_WARN_INFINITE_RECURSION = YES;
				CLANG_WARN_INT_CONVERSION = YES;
				CLANG_WARN_NON_LITERAL_NULL_CONVERSION = YES;
				CLANG_WARN_OBJC_IMPLICIT_RETAIN_SELF = YES;
				CLANG_WARN_OBJC_LITERAL_CONVERSION = YES;
				CLANG_WARN_OBJC_ROOT_CLASS = YES_ERROR;
				CLANG_WARN_QUOTED_INCLUDE_IN_FRAMEWORK_HEADER = YES;
				CLANG_WARN_RANGE_LOOP_ANALYSIS = YES;
				CLANG_WARN_STRICT_PROTOTYPES = YES;
				CLANG_WARN_SUSPICIOUS_MOVE = YES;
				CLANG_WARN_UNGUARDED_AVAILABILITY = YES_AGGRESSIVE;
				CLANG_WARN_UNREACHABLE_CODE = YES;
				CLANG_WARN__DUPLICATE_METHOD_MATCH = YES;
				COPY_PHASE_STRIP = NO;
				DEBUG_INFORMATION_FORMAT = dwarf;
				ENABLE_STRICT_OBJC_MSGSEND = YES;
				ENABLE_TESTABILITY = YES;
				GCC_C_LANGUAGE_STANDARD = gnu11;
				GCC_DYNAMIC_NO_PIC = NO;
				GCC_NO_COMMON_BLOCKS = YES;
				GCC_OPTIMIZATION_LEVEL = 0;
				GCC_PREPROCESSOR_DEFINITIONS = (
					"DEBUG=1",
					"$(inherited)",
				);
				GCC_WARN_64_TO_32_BIT_CONVERSION = YES;
				GCC_WARN_ABOUT_RETURN_TYPE = YES_ERROR;
				GCC_WARN_UNDECLARED_SELECTOR = YES;
				GCC_WARN_UNINITIALIZED_AUTOS = YES_AGGRESSIVE;
				GCC_WARN_UNUSED_FUNCTION = YES;
				GCC_WARN_UNUSED_VARIABLE = YES;
				IPHONEOS_DEPLOYMENT_TARGET = 16.4;
				MTL_ENABLE_DEBUG_INFO = INCLUDE_SOURCE;
				MTL_FAST_MATH = YES;
				ONLY_ACTIVE_ARCH = YES;
				SDKROOT = iphoneos;
				SWIFT_ACTIVE_COMPILATION_CONDITIONS = DEBUG;
				SWIFT_OPTIMIZATION_LEVEL = "-Onone";
			};
			name = Debug;
		};
		B6CED15E2A827CE70050CCF5 /* Release */ = {
			isa = XCBuildConfiguration;
			buildSettings = {
				ALWAYS_SEARCH_USER_PATHS = NO;
				CLANG_ANALYZER_NONNULL = YES;
				CLANG_ANALYZER_NUMBER_OBJECT_CONVERSION = YES_AGGRESSIVE;
				CLANG_CXX_LANGUAGE_STANDARD = "gnu++20";
				CLANG_ENABLE_MODULES = YES;
				CLANG_ENABLE_OBJC_ARC = YES;
				CLANG_ENABLE_OBJC_WEAK = YES;
				CLANG_WARN_BLOCK_CAPTURE_AUTORELEASING = YES;
				CLANG_WARN_BOOL_CONVERSION = YES;
				CLANG_WARN_COMMA = YES;
				CLANG_WARN_CONSTANT_CONVERSION = YES;
				CLANG_WARN_DEPRECATED_OBJC_IMPLEMENTATIONS = YES;
				CLANG_WARN_DIRECT_OBJC_ISA_USAGE = YES_ERROR;
				CLANG_WARN_DOCUMENTATION_COMMENTS = YES;
				CLANG_WARN_EMPTY_BODY = YES;
				CLANG_WARN_ENUM_CONVERSION = YES;
				CLANG_WARN_INFINITE_RECURSION = YES;
				CLANG_WARN_INT_CONVERSION = YES;
				CLANG_WARN_NON_LITERAL_NULL_CONVERSION = YES;
				CLANG_WARN_OBJC_IMPLICIT_RETAIN_SELF = YES;
				CLANG_WARN_OBJC_LITERAL_CONVERSION = YES;
				CLANG_WARN_OBJC_ROOT_CLASS = YES_ERROR;
				CLANG_WARN_QUOTED_INCLUDE_IN_FRAMEWORK_HEADER = YES;
				CLANG_WARN_RANGE_LOOP_ANALYSIS = YES;
				CLANG_WARN_STRICT_PROTOTYPES = YES;
				CLANG_WARN_SUSPICIOUS_MOVE = YES;
				CLANG_WARN_UNGUARDED_AVAILABILITY = YES_AGGRESSIVE;
				CLANG_WARN_UNREACHABLE_CODE = YES;
				CLANG_WARN__DUPLICATE_METHOD_MATCH = YES;
				COPY_PHASE_STRIP = NO;
				DEBUG_INFORMATION_FORMAT = "dwarf-with-dsym";
				ENABLE_NS_ASSERTIONS = NO;
				ENABLE_STRICT_OBJC_MSGSEND = YES;
				GCC_C_LANGUAGE_STANDARD = gnu11;
				GCC_NO_COMMON_BLOCKS = YES;
				GCC_WARN_64_TO_32_BIT_CONVERSION = YES;
				GCC_WARN_ABOUT_RETURN_TYPE = YES_ERROR;
				GCC_WARN_UNDECLARED_SELECTOR = YES;
				GCC_WARN_UNINITIALIZED_AUTOS = YES_AGGRESSIVE;
				GCC_WARN_UNUSED_FUNCTION = YES;
				GCC_WARN_UNUSED_VARIABLE = YES;
				IPHONEOS_DEPLOYMENT_TARGET = 16.4;
				MTL_ENABLE_DEBUG_INFO = NO;
				MTL_FAST_MATH = YES;
				SDKROOT = iphoneos;
				SWIFT_COMPILATION_MODE = wholemodule;
				SWIFT_OPTIMIZATION_LEVEL = "-O";
				VALIDATE_PRODUCT = YES;
			};
			name = Release;
		};
		B6CED1602A827CE70050CCF5 /* Debug */ = {
			isa = XCBuildConfiguration;
			baseConfigurationReference = 63870B5CCED359ADA09EA85C /* Pods-What flower.debug.xcconfig */;
			buildSettings = {
				ASSETCATALOG_COMPILER_APPICON_NAME = AppIcon;
				ASSETCATALOG_COMPILER_GLOBAL_ACCENT_COLOR_NAME = AccentColor;
				CODE_SIGN_STYLE = Automatic;
				CURRENT_PROJECT_VERSION = 1;
				DEVELOPMENT_TEAM = 6DXA92JYY2;
				GENERATE_INFOPLIST_FILE = YES;
				INFOPLIST_FILE = "What flower/Info.plist";
				INFOPLIST_KEY_UIApplicationSupportsIndirectInputEvents = YES;
				INFOPLIST_KEY_UILaunchStoryboardName = LaunchScreen;
				INFOPLIST_KEY_UIMainStoryboardFile = Main;
				INFOPLIST_KEY_UISupportedInterfaceOrientations_iPad = "UIInterfaceOrientationPortrait UIInterfaceOrientationPortraitUpsideDown UIInterfaceOrientationLandscapeLeft UIInterfaceOrientationLandscapeRight";
				INFOPLIST_KEY_UISupportedInterfaceOrientations_iPhone = "UIInterfaceOrientationPortrait UIInterfaceOrientationLandscapeLeft UIInterfaceOrientationLandscapeRight";
				LD_RUNPATH_SEARCH_PATHS = (
					"$(inherited)",
					"@executable_path/Frameworks",
				);
				MARKETING_VERSION = 1.0;
				PRODUCT_BUNDLE_IDENTIFIER = "com.ingenious.What-flower";
				PRODUCT_NAME = "$(TARGET_NAME)";
				SWIFT_EMIT_LOC_STRINGS = YES;
				SWIFT_VERSION = 5.0;
				TARGETED_DEVICE_FAMILY = "1,2";
			};
			name = Debug;
		};
		B6CED1612A827CE70050CCF5 /* Release */ = {
			isa = XCBuildConfiguration;
			baseConfigurationReference = 42A085D58C65B33A68C50A4F /* Pods-What flower.release.xcconfig */;
			buildSettings = {
				ASSETCATALOG_COMPILER_APPICON_NAME = AppIcon;
				ASSETCATALOG_COMPILER_GLOBAL_ACCENT_COLOR_NAME = AccentColor;
				CODE_SIGN_STYLE = Automatic;
				CURRENT_PROJECT_VERSION = 1;
				DEVELOPMENT_TEAM = 6DXA92JYY2;
				GENERATE_INFOPLIST_FILE = YES;
				INFOPLIST_FILE = "What flower/Info.plist";
				INFOPLIST_KEY_UIApplicationSupportsIndirectInputEvents = YES;
				INFOPLIST_KEY_UILaunchStoryboardName = LaunchScreen;
				INFOPLIST_KEY_UIMainStoryboardFile = Main;
				INFOPLIST_KEY_UISupportedInterfaceOrientations_iPad = "UIInterfaceOrientationPortrait UIInterfaceOrientationPortraitUpsideDown UIInterfaceOrientationLandscapeLeft UIInterfaceOrientationLandscapeRight";
				INFOPLIST_KEY_UISupportedInterfaceOrientations_iPhone = "UIInterfaceOrientationPortrait UIInterfaceOrientationLandscapeLeft UIInterfaceOrientationLandscapeRight";
				LD_RUNPATH_SEARCH_PATHS = (
					"$(inherited)",
					"@executable_path/Frameworks",
				);
				MARKETING_VERSION = 1.0;
				PRODUCT_BUNDLE_IDENTIFIER = "com.ingenious.What-flower";
				PRODUCT_NAME = "$(TARGET_NAME)";
				SWIFT_EMIT_LOC_STRINGS = YES;
				SWIFT_VERSION = 5.0;
				TARGETED_DEVICE_FAMILY = "1,2";
			};
			name = Release;
		};
/* End XCBuildConfiguration section */

/* Begin XCConfigurationList section */
		B6CED1462A827CE60050CCF5 /* Build configuration list for PBXProject "What flower" */ = {
			isa = XCConfigurationList;
			buildConfigurations = (
				B6CED15D2A827CE70050CCF5 /* Debug */,
				B6CED15E2A827CE70050CCF5 /* Release */,
			);
			defaultConfigurationIsVisible = 0;
			defaultConfigurationName = Release;
		};
		B6CED15F2A827CE70050CCF5 /* Build configuration list for PBXNativeTarget "What flower" */ = {
			isa = XCConfigurationList;
			buildConfigurations = (
				B6CED1602A827CE70050CCF5 /* Debug */,
				B6CED1612A827CE70050CCF5 /* Release */,
			);
			defaultConfigurationIsVisible = 0;
			defaultConfigurationName = Release;
		};
/* End XCConfigurationList section */
	};
	rootObject = B6CED1432A827CE60050CCF5 /* Project object */;
}
