// !$*UTF8*$!
{
	archiveVersion = 1;
	classes = {
	};
	objectVersion = 56;
	objects = {

/* Begin PBXBuildFile section */
		B647BAAC2A68228100C22F33 /* Hacker_RankApp.swift in Sources */ = {isa = PBXBuildFile; fileRef = B647BAAB2A68228100C22F33 /* Hacker_RankApp.swift */; };
		B647BAAE2A68228100C22F33 /* ContentView.swift in Sources */ = {isa = PBXBuildFile; fileRef = B647BAAD2A68228100C22F33 /* ContentView.swift */; };
		B647BAB02A68228300C22F33 /* Assets.xcassets in Resources */ = {isa = PBXBuildFile; fileRef = B647BAAF2A68228300C22F33 /* Assets.xcassets */; };
		B647BAB32A68228300C22F33 /* Preview Assets.xcassets in Resources */ = {isa = PBXBuildFile; fileRef = B647BAB22A68228300C22F33 /* Preview Assets.xcassets */; };
		B647BABC2A68232C00C22F33 /* NetworkManager.swift in Sources */ = {isa = PBXBuildFile; fileRef = B647BABB2A68232C00C22F33 /* NetworkManager.swift */; };
		B647BABE2A68233600C22F33 /* PostData.swift in Sources */ = {isa = PBXBuildFile; fileRef = B647BABD2A68233600C22F33 /* PostData.swift */; };
		B647BAC02A68291D00C22F33 /* DetailView.swift in Sources */ = {isa = PBXBuildFile; fileRef = B647BABF2A68291D00C22F33 /* DetailView.swift */; };
		B647BAC22A682AEA00C22F33 /* WebView.swift in Sources */ = {isa = PBXBuildFile; fileRef = B647BAC12A682AEA00C22F33 /* WebView.swift */; };
/* End PBXBuildFile section */

/* Begin PBXFileReference section */
		B647BAA82A68228100C22F33 /* Hacker Rank.app */ = {isa = PBXFileReference; explicitFileType = wrapper.application; includeInIndex = 0; path = "Hacker Rank.app"; sourceTree = BUILT_PRODUCTS_DIR; };
		B647BAAB2A68228100C22F33 /* Hacker_RankApp.swift */ = {isa = PBXFileReference; lastKnownFileType = sourcecode.swift; path = Hacker_RankApp.swift; sourceTree = "<group>"; };
		B647BAAD2A68228100C22F33 /* ContentView.swift */ = {isa = PBXFileReference; lastKnownFileType = sourcecode.swift; path = ContentView.swift; sourceTree = "<group>"; };
		B647BAAF2A68228300C22F33 /* Assets.xcassets */ = {isa = PBXFileReference; lastKnownFileType = folder.assetcatalog; path = Assets.xcassets; sourceTree = "<group>"; };
		B647BAB22A68228300C22F33 /* Preview Assets.xcassets */ = {isa = PBXFileReference; lastKnownFileType = folder.assetcatalog; path = "Preview Assets.xcassets"; sourceTree = "<group>"; };
		B647BABB2A68232C00C22F33 /* NetworkManager.swift */ = {isa = PBXFileReference; lastKnownFileType = sourcecode.swift; path = NetworkManager.swift; sourceTree = "<group>"; };
		B647BABD2A68233600C22F33 /* PostData.swift */ = {isa = PBXFileReference; lastKnownFileType = sourcecode.swift; path = PostData.swift; sourceTree = "<group>"; };
		B647BABF2A68291D00C22F33 /* DetailView.swift */ = {isa = PBXFileReference; lastKnownFileType = sourcecode.swift; path = DetailView.swift; sourceTree = "<group>"; };
		B647BAC12A682AEA00C22F33 /* WebView.swift */ = {isa = PBXFileReference; lastKnownFileType = sourcecode.swift; path = WebView.swift; sourceTree = "<group>"; };
/* End PBXFileReference section */

/* Begin PBXFrameworksBuildPhase section */
		B647BAA52A68228100C22F33 /* Frameworks */ = {
			isa = PBXFrameworksBuildPhase;
			buildActionMask = 2147483647;
			files = (
			);
			runOnlyForDeploymentPostprocessing = 0;
		};
/* End PBXFrameworksBuildPhase section */

/* Begin PBXGroup section */
		B647BA9F2A68228100C22F33 = {
			isa = PBXGroup;
			children = (
				B647BAAA2A68228100C22F33 /* Hacker Rank */,
				B647BAA92A68228100C22F33 /* Products */,
			);
			sourceTree = "<group>";
		};
		B647BAA92A68228100C22F33 /* Products */ = {
			isa = PBXGroup;
			children = (
				B647BAA82A68228100C22F33 /* Hacker Rank.app */,
			);
			name = Products;
			sourceTree = "<group>";
		};
		B647BAAA2A68228100C22F33 /* Hacker Rank */ = {
			isa = PBXGroup;
			children = (
				B647BABA2A6822D100C22F33 /* Models */,
				B647BAAB2A68228100C22F33 /* Hacker_RankApp.swift */,
				B647BAB92A6822CA00C22F33 /* Views */,
				B647BAAF2A68228300C22F33 /* Assets.xcassets */,
				B647BAB12A68228300C22F33 /* Preview Content */,
			);
			path = "Hacker Rank";
			sourceTree = "<group>";
		};
		B647BAB12A68228300C22F33 /* Preview Content */ = {
			isa = PBXGroup;
			children = (
				B647BAB22A68228300C22F33 /* Preview Assets.xcassets */,
			);
			path = "Preview Content";
			sourceTree = "<group>";
		};
		B647BAB92A6822CA00C22F33 /* Views */ = {
			isa = PBXGroup;
			children = (
				B647BAAD2A68228100C22F33 /* ContentView.swift */,
				B647BABF2A68291D00C22F33 /* DetailView.swift */,
				B647BAC12A682AEA00C22F33 /* WebView.swift */,
			);
			path = Views;
			sourceTree = "<group>";
		};
		B647BABA2A6822D100C22F33 /* Models */ = {
			isa = PBXGroup;
			children = (
				B647BABB2A68232C00C22F33 /* NetworkManager.swift */,
				B647BABD2A68233600C22F33 /* PostData.swift */,
			);
			path = Models;
			sourceTree = "<group>";
		};
/* End PBXGroup section */

/* Begin PBXNativeTarget section */
		B647BAA72A68228100C22F33 /* Hacker Rank */ = {
			isa = PBXNativeTarget;
			buildConfigurationList = B647BAB62A68228300C22F33 /* Build configuration list for PBXNativeTarget "Hacker Rank" */;
			buildPhases = (
				B647BAA42A68228100C22F33 /* Sources */,
				B647BAA52A68228100C22F33 /* Frameworks */,
				B647BAA62A68228100C22F33 /* Resources */,
			);
			buildRules = (
			);
			dependencies = (
			);
			name = "Hacker Rank";
			productName = "Hacker Rank";
			productReference = B647BAA82A68228100C22F33 /* Hacker Rank.app */;
			productType = "com.apple.product-type.application";
		};
/* End PBXNativeTarget section */

/* Begin PBXProject section */
		B647BAA02A68228100C22F33 /* Project object */ = {
			isa = PBXProject;
			attributes = {
				BuildIndependentTargetsInParallel = 1;
				LastSwiftUpdateCheck = 1430;
				LastUpgradeCheck = 1430;
				TargetAttributes = {
					B647BAA72A68228100C22F33 = {
						CreatedOnToolsVersion = 14.3.1;
					};
				};
			};
			buildConfigurationList = B647BAA32A68228100C22F33 /* Build configuration list for PBXProject "Hacker Rank" */;
			compatibilityVersion = "Xcode 14.0";
			developmentRegion = en;
			hasScannedForEncodings = 0;
			knownRegions = (
				en,
				Base,
			);
			mainGroup = B647BA9F2A68228100C22F33;
			productRefGroup = B647BAA92A68228100C22F33 /* Products */;
			projectDirPath = "";
			projectRoot = "";
			targets = (
				B647BAA72A68228100C22F33 /* Hacker Rank */,
			);
		};
/* End PBXProject section */

/* Begin PBXResourcesBuildPhase section */
		B647BAA62A68228100C22F33 /* Resources */ = {
			isa = PBXResourcesBuildPhase;
			buildActionMask = 2147483647;
			files = (
				B647BAB32A68228300C22F33 /* Preview Assets.xcassets in Resources */,
				B647BAB02A68228300C22F33 /* Assets.xcassets in Resources */,
			);
			runOnlyForDeploymentPostprocessing = 0;
		};
/* End PBXResourcesBuildPhase section */

/* Begin PBXSourcesBuildPhase section */
		B647BAA42A68228100C22F33 /* Sources */ = {
			isa = PBXSourcesBuildPhase;
			buildActionMask = 2147483647;
			files = (
				B647BABC2A68232C00C22F33 /* NetworkManager.swift in Sources */,
				B647BABE2A68233600C22F33 /* PostData.swift in Sources */,
				B647BAAE2A68228100C22F33 /* ContentView.swift in Sources */,
				B647BAC22A682AEA00C22F33 /* WebView.swift in Sources */,
				B647BAC02A68291D00C22F33 /* DetailView.swift in Sources */,
				B647BAAC2A68228100C22F33 /* Hacker_RankApp.swift in Sources */,
			);
			runOnlyForDeploymentPostprocessing = 0;
		};
/* End PBXSourcesBuildPhase section */

/* Begin XCBuildConfiguration section */
		B647BAB42A68228300C22F33 /* Debug */ = {
			isa = XCBuildConfiguration;
			buildSettings = {
				ALWAYS_SEARCH_USER_PATHS = NO;
				CLANG_ANALYZER_NONNULL = YES;
				CLANG_ANALYZER_NUMBER_OBJECT_CONVERSION = YES_AGGRESSIVE;
				CLANG_CXX_LANGUAGE_STANDARD = "gnu++20";
				CLANG_ENABLE_MODULES = YES;
				CLANG_ENABLE_OBJC_ARC = YES;
				CLANG_ENABLE_OBJC_WEAK = YES;
				CLANG_WARN_BLOCK_CAPTURE_AUTORELEASING = YES;
				CLANG_WARN_BOOL_CONVERSION = YES;
				CLANG_WARN_COMMA = YES;
				CLANG_WARN_CONSTANT_CONVERSION = YES;
				CLANG_WARN_DEPRECATED_OBJC_IMPLEMENTATIONS = YES;
				CLANG_WARN_DIRECT_OBJC_ISA_USAGE = YES_ERROR;
				CLANG_WARN_DOCUMENTATION_COMMENTS = YES;
				CLANG_WARN_EMPTY_BODY = YES;
				CLANG_WARN_ENUM_CONVERSION = YES;
				CLANG_WARN_INFINITE_RECURSION = YES;
				CLANG_WARN_INT_CONVERSION = YES;
				CLANG_WARN_NON_LITERAL_NULL_CONVERSION = YES;
				CLANG_WARN_OBJC_IMPLICIT_RETAIN_SELF = YES;
				CLANG_WARN_OBJC_LITERAL_CONVERSION = YES;
				CLANG_WARN_OBJC_ROOT_CLASS = YES_ERROR;
				CLANG_WARN_QUOTED_INCLUDE_IN_FRAMEWORK_HEADER = YES;
				CLANG_WARN_RANGE_LOOP_ANALYSIS = YES;
				CLANG_WARN_STRICT_PROTOTYPES = YES;
				CLANG_WARN_SUSPICIOUS_MOVE = YES;
				CLANG_WARN_UNGUARDED_AVAILABILITY = YES_AGGRESSIVE;
				CLANG_WARN_UNREACHABLE_CODE = YES;
				CLANG_WARN__DUPLICATE_METHOD_MATCH = YES;
				COPY_PHASE_STRIP = NO;
				DEBUG_INFORMATION_FORMAT = dwarf;
				ENABLE_STRICT_OBJC_MSGSEND = YES;
				ENABLE_TESTABILITY = YES;
				GCC_C_LANGUAGE_STANDARD = gnu11;
				GCC_DYNAMIC_NO_PIC = NO;
				GCC_NO_COMMON_BLOCKS = YES;
				GCC_OPTIMIZATION_LEVEL = 0;
				GCC_PREPROCESSOR_DEFINITIONS = (
					"DEBUG=1",
					"$(inherited)",
				);
				GCC_WARN_64_TO_32_BIT_CONVERSION = YES;
				GCC_WARN_ABOUT_RETURN_TYPE = YES_ERROR;
				GCC_WARN_UNDECLARED_SELECTOR = YES;
				GCC_WARN_UNINITIALIZED_AUTOS = YES_AGGRESSIVE;
				GCC_WARN_UNUSED_FUNCTION = YES;
				GCC_WARN_UNUSED_VARIABLE = YES;
				IPHONEOS_DEPLOYMENT_TARGET = 16.4;
				MTL_ENABLE_DEBUG_INFO = INCLUDE_SOURCE;
				MTL_FAST_MATH = YES;
				ONLY_ACTIVE_ARCH = YES;
				SDKROOT = iphoneos;
				SWIFT_ACTIVE_COMPILATION_CONDITIONS = DEBUG;
				SWIFT_OPTIMIZATION_LEVEL = "-Onone";
			};
			name = Debug;
		};
		B647BAB52A68228300C22F33 /* Release */ = {
			isa = XCBuildConfiguration;
			buildSettings = {
				ALWAYS_SEARCH_USER_PATHS = NO;
				CLANG_ANALYZER_NONNULL = YES;
				CLANG_ANALYZER_NUMBER_OBJECT_CONVERSION = YES_AGGRESSIVE;
				CLANG_CXX_LANGUAGE_STANDARD = "gnu++20";
				CLANG_ENABLE_MODULES = YES;
				CLANG_ENABLE_OBJC_ARC = YES;
				CLANG_ENABLE_OBJC_WEAK = YES;
				CLANG_WARN_BLOCK_CAPTURE_AUTORELEASING = YES;
				CLANG_WARN_BOOL_CONVERSION = YES;
				CLANG_WARN_COMMA = YES;
				CLANG_WARN_CONSTANT_CONVERSION = YES;
				CLANG_WARN_DEPRECATED_OBJC_IMPLEMENTATIONS = YES;
				CLANG_WARN_DIRECT_OBJC_ISA_USAGE = YES_ERROR;
				CLANG_WARN_DOCUMENTATION_COMMENTS = YES;
				CLANG_WARN_EMPTY_BODY = YES;
				CLANG_WARN_ENUM_CONVERSION = YES;
				CLANG_WARN_INFINITE_RECURSION = YES;
				CLANG_WARN_INT_CONVERSION = YES;
				CLANG_WARN_NON_LITERAL_NULL_CONVERSION = YES;
				CLANG_WARN_OBJC_IMPLICIT_RETAIN_SELF = YES;
				CLANG_WARN_OBJC_LITERAL_CONVERSION = YES;
				CLANG_WARN_OBJC_ROOT_CLASS = YES_ERROR;
				CLANG_WARN_QUOTED_INCLUDE_IN_FRAMEWORK_HEADER = YES;
				CLANG_WARN_RANGE_LOOP_ANALYSIS = YES;
				CLANG_WARN_STRICT_PROTOTYPES = YES;
				CLANG_WARN_SUSPICIOUS_MOVE = YES;
				CLANG_WARN_UNGUARDED_AVAILABILITY = YES_AGGRESSIVE;
				CLANG_WARN_UNREACHABLE_CODE = YES;
				CLANG_WARN__DUPLICATE_METHOD_MATCH = YES;
				COPY_PHASE_STRIP = NO;
				DEBUG_INFORMATION_FORMAT = "dwarf-with-dsym";
				ENABLE_NS_ASSERTIONS = NO;
				ENABLE_STRICT_OBJC_MSGSEND = YES;
				GCC_C_LANGUAGE_STANDARD = gnu11;
				GCC_NO_COMMON_BLOCKS = YES;
				GCC_WARN_64_TO_32_BIT_CONVERSION = YES;
				GCC_WARN_ABOUT_RETURN_TYPE = YES_ERROR;
				GCC_WARN_UNDECLARED_SELECTOR = YES;
				GCC_WARN_UNINITIALIZED_AUTOS = YES_AGGRESSIVE;
				GCC_WARN_UNUSED_FUNCTION = YES;
				GCC_WARN_UNUSED_VARIABLE = YES;
				IPHONEOS_DEPLOYMENT_TARGET = 16.4;
				MTL_ENABLE_DEBUG_INFO = NO;
				MTL_FAST_MATH = YES;
				SDKROOT = iphoneos;
				SWIFT_COMPILATION_MODE = wholemodule;
				SWIFT_OPTIMIZATION_LEVEL = "-O";
				VALIDATE_PRODUCT = YES;
			};
			name = Release;
		};
		B647BAB72A68228300C22F33 /* Debug */ = {
			isa = XCBuildConfiguration;
			buildSettings = {
				ASSETCATALOG_COMPILER_APPICON_NAME = AppIcon;
				ASSETCATALOG_COMPILER_GLOBAL_ACCENT_COLOR_NAME = AccentColor;
				CODE_SIGN_STYLE = Automatic;
				CURRENT_PROJECT_VERSION = 1;
				DEVELOPMENT_ASSET_PATHS = "\"Hacker Rank/Preview Content\"";
				DEVELOPMENT_TEAM = 6DXA92JYY2;
				ENABLE_PREVIEWS = YES;
				GENERATE_INFOPLIST_FILE = YES;
				INFOPLIST_KEY_UIApplicationSceneManifest_Generation = YES;
				INFOPLIST_KEY_UIApplicationSupportsIndirectInputEvents = YES;
				INFOPLIST_KEY_UILaunchScreen_Generation = YES;
				INFOPLIST_KEY_UISupportedInterfaceOrientations_iPad = "UIInterfaceOrientationPortrait UIInterfaceOrientationPortraitUpsideDown UIInterfaceOrientationLandscapeLeft UIInterfaceOrientationLandscapeRight";
				INFOPLIST_KEY_UISupportedInterfaceOrientations_iPhone = "UIInterfaceOrientationPortrait UIInterfaceOrientationLandscapeLeft UIInterfaceOrientationLandscapeRight";
				LD_RUNPATH_SEARCH_PATHS = (
					"$(inherited)",
					"@executable_path/Frameworks",
				);
				MARKETING_VERSION = 1.0;
				PRODUCT_BUNDLE_IDENTIFIER = "com.ingenious.Hacker-Rank";
				PRODUCT_NAME = "$(TARGET_NAME)";
				SWIFT_EMIT_LOC_STRINGS = YES;
				SWIFT_VERSION = 5.0;
				TARGETED_DEVICE_FAMILY = "1,2";
			};
			name = Debug;
		};
		B647BAB82A68228300C22F33 /* Release */ = {
			isa = XCBuildConfiguration;
			buildSettings = {
				ASSETCATALOG_COMPILER_APPICON_NAME = AppIcon;
				ASSETCATALOG_COMPILER_GLOBAL_ACCENT_COLOR_NAME = AccentColor;
				CODE_SIGN_STYLE = Automatic;
				CURRENT_PROJECT_VERSION = 1;
				DEVELOPMENT_ASSET_PATHS = "\"Hacker Rank/Preview Content\"";
				DEVELOPMENT_TEAM = 6DXA92JYY2;
				ENABLE_PREVIEWS = YES;
				GENERATE_INFOPLIST_FILE = YES;
				INFOPLIST_KEY_UIApplicationSceneManifest_Generation = YES;
				INFOPLIST_KEY_UIApplicationSupportsIndirectInputEvents = YES;
				INFOPLIST_KEY_UILaunchScreen_Generation = YES;
				INFOPLIST_KEY_UISupportedInterfaceOrientations_iPad = "UIInterfaceOrientationPortrait UIInterfaceOrientationPortraitUpsideDown UIInterfaceOrientationLandscapeLeft UIInterfaceOrientationLandscapeRight";
				INFOPLIST_KEY_UISupportedInterfaceOrientations_iPhone = "UIInterfaceOrientationPortrait UIInterfaceOrientationLandscapeLeft UIInterfaceOrientationLandscapeRight";
				LD_RUNPATH_SEARCH_PATHS = (
					"$(inherited)",
					"@executable_path/Frameworks",
				);
				MARKETING_VERSION = 1.0;
				PRODUCT_BUNDLE_IDENTIFIER = "com.ingenious.Hacker-Rank";
				PRODUCT_NAME = "$(TARGET_NAME)";
				SWIFT_EMIT_LOC_STRINGS = YES;
				SWIFT_VERSION = 5.0;
				TARGETED_DEVICE_FAMILY = "1,2";
			};
			name = Release;
		};
/* End XCBuildConfiguration section */

/* Begin XCConfigurationList section */
		B647BAA32A68228100C22F33 /* Build configuration list for PBXProject "Hacker Rank" */ = {
			isa = XCConfigurationList;
			buildConfigurations = (
				B647BAB42A68228300C22F33 /* Debug */,
				B647BAB52A68228300C22F33 /* Release */,
			);
			defaultConfigurationIsVisible = 0;
			defaultConfigurationName = Release;
		};
		B647BAB62A68228300C22F33 /* Build configuration list for PBXNativeTarget "Hacker Rank" */ = {
			isa = XCConfigurationList;
			buildConfigurations = (
				B647BAB72A68228300C22F33 /* Debug */,
				B647BAB82A68228300C22F33 /* Release */,
			);
			defaultConfigurationIsVisible = 0;
			defaultConfigurationName = Release;
		};
/* End XCConfigurationList section */
	};
	rootObject = B647BAA02A68228100C22F33 /* Project object */;
}
